
Microsoft Visual Studio Solution File, Format Version 12.00
# Visual Studio Version 17
VisualStudioVersion = 17.11.35312.102
MinimumVisualStudioVersion = 10.0.40219.1
Project("{9A19103F-16F7-4668-BE54-9A1E7A4F7556}") = "MoviesApp", "MoviesApp\MoviesApp.csproj", "{EC4273D6-B0D7-4EE4-8599-D409CC0252A8}"
EndProject
Project("{FAE04EC0-301F-11D3-BF4B-00C04F79EFBC}") = "MoviesWebApp", "MoviesWebApp\MoviesWebApp.csproj", "{FC2374E6-06F8-4E13-9BB4-B3A6668D1878}"
EndProject
Global
	GlobalSection(SolutionConfigurationPlatforms) = preSolution
		Debug|Any CPU = Debug|Any CPU
		Release|Any CPU = Release|Any CPU
	EndGlobalSection
	GlobalSection(ProjectConfigurationPlatforms) = postSolution
		{EC4273D6-B0D7-4EE4-8599-D409CC0252A8}.Debug|Any CPU.ActiveCfg = Debug|Any CPU
		{EC4273D6-B0D7-4EE4-8599-D409CC0252A8}.Debug|Any CPU.Build.0 = Debug|Any CPU
		{EC4273D6-B0D7-4EE4-8599-D409CC0252A8}.Release|Any CPU.ActiveCfg = Release|Any CPU
		{EC4273D6-B0D7-4EE4-8599-D409CC0252A8}.Release|Any CPU.Build.0 = Release|Any CPU
		{FC2374E6-06F8-4E13-9BB4-B3A6668D1878}.Debug|Any CPU.ActiveCfg = Debug|Any CPU
		{FC2374E6-06F8-4E13-9BB4-B3A6668D1878}.Debug|Any CPU.Build.0 = Debug|Any CPU
		{FC2374E6-06F8-4E13-9BB4-B3A6668D1878}.Release|Any CPU.ActiveCfg = Release|Any CPU
		{FC2374E6-06F8-4E13-9BB4-B3A6668D1878}.Release|Any CPU.Build.0 = Release|Any CPU
	EndGlobalSection
	GlobalSection(SolutionProperties) = preSolution
		HideSolutionNode = FALSE
	EndGlobalSection
	GlobalSection(ExtensibilityGlobals) = postSolution
		SolutionGuid = {38BCE5B4-4BA6-429A-83D6-826558329618}
	EndGlobalSection
EndGlobal
